{
  "requires": true,
  "lockfileVersion": 1,
  "dependencies": {
    "whammy": {
      "version": "0.0.1",
      "resolved": "https://registry.npmmirror.com/whammy/-/whammy-0.0.1.tgz",
      "integrity": "sha512-H8J4+I5ISuOZXAZiNMZXD71+oZIM6szrgYG8wt4dCpDNEU8mogxPGvgMIFg/BhkuptOLbtW0X34E/YE6a75ujg=="
    }
  }
}
